
Microsoft Visual Studio Solution File, Format Version 12.00
# Visual Studio 15
VisualStudioVersion = 15.0.28307.960
MinimumVisualStudioVersion = 10.0.40219.1
Project("{FAE04EC0-301F-11D3-BF4B-00C04F79EFBC}") = "DeadLine App", "DeadLine App\DeadLine App.csproj", "{1859E2AC-FD33-4FAC-B45D-0C156E1D7CDD}"
EndProject
Global
	GlobalSection(SolutionConfigurationPlatforms) = preSolution
		Debug|Any CPU = Debug|Any CPU
		Release|Any CPU = Release|Any CPU
	EndGlobalSection
	GlobalSection(ProjectConfigurationPlatforms) = postSolution
		{1859E2AC-FD33-4FAC-B45D-0C156E1D7CDD}.Debug|Any CPU.ActiveCfg = Debug|Any CPU
		{1859E2AC-FD33-4FAC-B45D-0C156E1D7CDD}.Debug|Any CPU.Build.0 = Debug|Any CPU
		{1859E2AC-FD33-4FAC-B45D-0C156E1D7CDD}.Release|Any CPU.ActiveCfg = Release|Any CPU
		{1859E2AC-FD33-4FAC-B45D-0C156E1D7CDD}.Release|Any CPU.Build.0 = Release|Any CPU
	EndGlobalSection
	GlobalSection(SolutionProperties) = preSolution
		HideSolutionNode = FALSE
	EndGlobalSection
	GlobalSection(ExtensibilityGlobals) = postSolution
		SolutionGuid = {8CFE89D0-0250-4017-9598-F939F5F7991B}
	EndGlobalSection
EndGlobal
